{
  "name": "moj-online-product-page",
  "version": "1.0.0",
  "lockfileVersion": 3,
  "requires": true,
  "packages": {
    "": {
      "name": "moj-online-product-page",
      "version": "1.0.0",
      "license": "MIT",
      "dependencies": {
        "gaap-analytics": "^2.2.1",
        "govuk-frontend": "4.3.0"
      }
    },
    "node_modules/gaap-analytics": {
      "version": "2.2.1",
      "resolved": "https://registry.npmjs.org/gaap-analytics/-/gaap-analytics-2.2.1.tgz",
      "integrity": "sha512-cnqQjqUt6wKM/nQvmw4maE+2Lodt/hftKWwUMOsPD2/pwwuKVgNpPLbmiXGowDxfwofj0GbSjd8jgvNWNjJjDg=="
    },
    "node_modules/govuk-frontend": {
      "version": "4.3.0",
      "resolved": "https://registry.npmjs.org/govuk-frontend/-/govuk-frontend-4.3.0.tgz",
      "integrity": "sha512-U8IyhayW5tpEktTU1Ea2wYyUsmS6UQWkuec/ebB51keSCUfZtrLsj5u9oa6GtwzTatk+3NYMOEEclGNTz4/FKQ==",
      "engines": {
        "node": ">= 4.2.0"
      }
    }
  }
}
