{
  "name": "moj-online-product-page",
  "version": "1.0.0",
  "lockfileVersion": 2,
  "requires": true,
  "packages": {
    "": {
      "name": "moj-online-product-page",
      "version": "1.0.0",
      "license": "MIT",
      "dependencies": {
        "gaap-analytics": "^2.2.1",
        "govuk-frontend": "^4.2.0"
      }
    },
    "node_modules/gaap-analytics": {
      "version": "2.2.1",
      "resolved": "https://registry.npmjs.org/gaap-analytics/-/gaap-analytics-2.2.1.tgz",
      "integrity": "sha512-cnqQjqUt6wKM/nQvmw4maE+2Lodt/hftKWwUMOsPD2/pwwuKVgNpPLbmiXGowDxfwofj0GbSjd8jgvNWNjJjDg=="
    },
    "node_modules/govuk-frontend": {
      "version": "4.2.0",
      "resolved": "https://registry.npmjs.org/govuk-frontend/-/govuk-frontend-4.2.0.tgz",
      "integrity": "sha512-IHbnz5DbnPjuCv4lQvtJGoCNAKAN6byKqmaej8hjd6Y/KTaAuw10npijeqfRJNO4WdDX9a34+n+SC/UmWdjfGQ==",
      "engines": {
        "node": ">= 4.2.0"
      }
    }
  },
  "dependencies": {
    "gaap-analytics": {
      "version": "2.2.1",
      "resolved": "https://registry.npmjs.org/gaap-analytics/-/gaap-analytics-2.2.1.tgz",
      "integrity": "sha512-cnqQjqUt6wKM/nQvmw4maE+2Lodt/hftKWwUMOsPD2/pwwuKVgNpPLbmiXGowDxfwofj0GbSjd8jgvNWNjJjDg=="
    },
    "govuk-frontend": {
      "version": "4.2.0",
      "resolved": "https://registry.npmjs.org/govuk-frontend/-/govuk-frontend-4.2.0.tgz",
      "integrity": "sha512-IHbnz5DbnPjuCv4lQvtJGoCNAKAN6byKqmaej8hjd6Y/KTaAuw10npijeqfRJNO4WdDX9a34+n+SC/UmWdjfGQ=="
    }
  }
}
